
Microsoft Visual Studio Solution File, Format Version 12.00
# Visual Studio Version 17
VisualStudioVersion = 17.5.002.0
MinimumVisualStudioVersion = 10.0.40219.1
Project("{9A19103F-16F7-4668-BE54-9A1E7A4F7556}") = "HelloApp", "HelloApp\HelloApp.csproj", "{B555B22F-61B0-4209-9A27-D0D6DEAFC546}"
EndProject
Global
	GlobalSection(SolutionConfigurationPlatforms) = preSolution
		Debug|Any CPU = Debug|Any CPU
		Release|Any CPU = Release|Any CPU
	EndGlobalSection
	GlobalSection(ProjectConfigurationPlatforms) = postSolution
		{B555B22F-61B0-4209-9A27-D0D6DEAFC546}.Debug|Any CPU.ActiveCfg = Debug|Any CPU
		{B555B22F-61B0-4209-9A27-D0D6DEAFC546}.Debug|Any CPU.Build.0 = Debug|Any CPU
		{B555B22F-61B0-4209-9A27-D0D6DEAFC546}.Release|Any CPU.ActiveCfg = Release|Any CPU
		{B555B22F-61B0-4209-9A27-D0D6DEAFC546}.Release|Any CPU.Build.0 = Release|Any CPU
	EndGlobalSection
	GlobalSection(SolutionProperties) = preSolution
		HideSolutionNode = FALSE
	EndGlobalSection
	GlobalSection(ExtensibilityGlobals) = postSolution
		SolutionGuid = {DA8F6FA5-0237-41CE-9E29-F8E779D8D40D}
	EndGlobalSection
EndGlobal
